<?xml version="1.0" encoding="utf-8"?>
<Project ToolsVersion="4.0" xmlns="http://schemas.microsoft.com/developer/msbuild/2003">
  <ItemGroup>
    <ClCompile Include="$(SourcesDirectory)main.cpp" />
    <ClCompile Include="$(SourcesDirectory)stdafx.cpp" />
    <ClCompile Include="$(SourcesDirectory)cmdline.cpp" />
    <ClCompile Include="$(SourcesDirectory)init.cpp" />
    <ClCompile Include="$(SourcesDirectory)log.cpp" />
  </ItemGroup>
  <ItemGroup>
    <ClInclude Include="$(SourcesDirectory)cmdline.h" />
    <ClInclude Include="$(SourcesDirectory)log.h" />
    <ClInclude Include="$(SourcesDirectory)macros.h" />
    <ClInclude Include="$(SourcesDirectory)nowarns.h" />
    <ClInclude Include="$(SourcesDirectory)stdafx.h" />
    <ClInclude Include="$(SourcesDirectory)targetver.h" />
  </ItemGroup>
  <ItemGroup>
    <Filter Include="Source">
      <UniqueIdentifier>{f272d722-9117-44be-839d-fb50076c6915}</UniqueIdentifier>
    </Filter>
    <Filter Include="Headers">
      <UniqueIdentifier>{f2b34c0b-03d3-44ba-bb29-57f7325d0d4b}</UniqueIdentifier>
    </Filter>
    <Filter Include="Resources">
      <UniqueIdentifier>{eac875e7-a5c2-4949-bb0a-c9b5f6e828ed}</UniqueIdentifier>
    </Filter>
    <Filter Include="HttpLib">
      <UniqueIdentifier>{9a45de50-e6fd-40f8-ad8e-6d2ed7c40194}</UniqueIdentifier>
    </Filter>
  </ItemGroup>
  <ItemGroup>
    <ResourceCompile Include="$(ProjectRoot)src\resources.rc">
      <Filter>Resources</Filter>
    </ResourceCompile>
  </ItemGroup>
  <ItemGroup>
    <None Include="..\README.md" />
  </ItemGroup>
</Project>